[[package]]
name = "atomicwrites"
version = "1.3.0"
description = "Atomic file writes."
category = "main"
optional = false
python-versions = ">=2.7, !=3.0.*, !=3.1.*, !=3.2.*, !=3.3.*"

[[package]]
name = "attrs"
version = "19.3.0"
description = "Classes Without Boilerplate"
category = "main"
optional = false
python-versions = ">=2.7, !=3.0.*, !=3.1.*, !=3.2.*, !=3.3.*"

[package.extras]
azure-pipelines = ["coverage", "hypothesis", "pympler", "pytest (>=4.3.0)", "six", "zope.interface", "pytest-azurepipelines"]
dev = ["coverage", "hypothesis", "pympler", "pytest (>=4.3.0)", "six", "zope.interface", "sphinx", "pre-commit"]
docs = ["sphinx", "zope.interface"]
tests = ["coverage", "hypothesis", "pympler", "pytest (>=4.3.0)", "six", "zope.interface"]

[[package]]
name = "certifi"
version = "2019.9.11"
description = "Python package for providing Mozilla's CA Bundle."
category = "main"
optional = false
python-versions = "*"

[[package]]
name = "chardet"
version = "3.0.4"
description = "Universal encoding detector for Python 2 and 3"
category = "main"
optional = false
python-versions = "*"

[[package]]
name = "clickshot"
version = "0.4.0"
description = "A framework for easier cross-platform GUI testing."
category = "main"
optional = false
python-versions = ">=3.6,<4.0"

[package.dependencies]
mss = ">=4.0,<5.0"
numpy = ">=1.17,<2.0"
opencv-python = ">=4.1,<5.0"
pynput = ">=1.4,<2.0"

[[package]]
name = "colorama"
version = "0.4.1"
description = "Cross-platform colored terminal text."
category = "main"
optional = false
python-versions = ">=2.7, !=3.0.*, !=3.1.*, !=3.2.*, !=3.3.*"

[[package]]
name = "flake8"
version = "3.8.3"
description = "the modular source code checker: pep8 pyflakes and co"
category = "main"
optional = false
python-versions = "!=3.0.*,!=3.1.*,!=3.2.*,!=3.3.*,>=2.7"

[package.dependencies]
importlib-metadata = {version = "*", markers = "python_version < \"3.8\""}
mccabe = ">=0.6.0,<0.7.0"
pycodestyle = ">=2.6.0a1,<2.7.0"
pyflakes = ">=2.2.0,<2.3.0"

[[package]]
name = "idna"
version = "2.8"
description = "Internationalized Domain Names in Applications (IDNA)"
category = "main"
optional = false
python-versions = ">=2.7, !=3.0.*, !=3.1.*, !=3.2.*, !=3.3.*"

[[package]]
name = "importlib-metadata"
version = "0.23"
description = "Read metadata from Python packages"
category = "main"
optional = false
python-versions = ">=2.7,!=3.0,!=3.1,!=3.2,!=3.3"

[package.dependencies]
zipp = ">=0.5"

[package.extras]
docs = ["sphinx", "rst.linker"]
testing = ["packaging", "importlib-resources"]

[[package]]
name = "iniconfig"
version = "1.1.1"
description = "iniconfig: brain-dead simple config-ini parsing"
category = "main"
optional = false
python-versions = "*"

[[package]]
name = "mccabe"
version = "0.6.1"
description = "McCabe checker, plugin for flake8"
category = "main"
optional = false
python-versions = "*"

[[package]]
name = "more-itertools"
version = "7.2.0"
description = "More routines for operating on iterables, beyond itertools"
category = "main"
optional = false
python-versions = ">=3.4"

[[package]]
name = "mss"
version = "4.0.3"
description = "An ultra fast cross-platform multiple screenshots module in pure python using ctypes."
category = "main"
optional = false
python-versions = ">=2.7, !=3.0.*, !=3.1.*, !=3.2.*, !=3.3.*, !=3.4.*"

[[package]]
name = "numpy"
version = "1.17.4"
description = "NumPy is the fundamental package for array computing with Python."
category = "main"
optional = false
python-versions = ">=3.5"

[[package]]
name = "opencv-python"
version = "4.1.2.30"
description = "Wrapper package for OpenCV python bindings."
category = "main"
optional = false
python-versions = "*"

[package.dependencies]
numpy = ">=1.11.1"

[[package]]
name = "packaging"
version = "19.2"
description = "Core utilities for Python packages"
category = "main"
optional = false
python-versions = ">=2.7, !=3.0.*, !=3.1.*, !=3.2.*, !=3.3.*"

[package.dependencies]
pyparsing = ">=2.0.2"
six = "*"

[[package]]
name = "pluggy"
version = "0.13.1"
description = "plugin and hook calling mechanisms for python"
category = "main"
optional = false
python-versions = ">=2.7, !=3.0.*, !=3.1.*, !=3.2.*, !=3.3.*"

[package.dependencies]
importlib-metadata = {version = ">=0.12", markers = "python_version < \"3.8\""}

[package.extras]
dev = ["pre-commit", "tox"]

[[package]]
name = "py"
version = "1.10.0"
description = "library with cross-python path, ini-parsing, io, code, log facilities"
category = "main"
optional = false
python-versions = ">=2.7, !=3.0.*, !=3.1.*, !=3.2.*, !=3.3.*"

[[package]]
name = "pycodestyle"
version = "2.6.0"
description = "Python style guide checker"
category = "main"
optional = false
python-versions = ">=2.7, !=3.0.*, !=3.1.*, !=3.2.*, !=3.3.*"

[[package]]
name = "pyflakes"
version = "2.2.0"
description = "passive checker of Python programs"
category = "main"
optional = false
python-versions = ">=2.7, !=3.0.*, !=3.1.*, !=3.2.*, !=3.3.*"

[[package]]
name = "pyhamcrest"
version = "2.0.2"
description = "Hamcrest framework for matcher objects"
category = "main"
optional = false
python-versions = ">=3.5"

[[package]]
name = "pynput"
version = "1.4.5"
description = "Monitor and control user input devices"
category = "main"
optional = false
python-versions = "*"

[package.dependencies]
pyobjc-framework-Quartz = {version = ">=3.0", markers = "sys_platform == \"darwin\""}
python-xlib = {version = ">=0.17", markers = "sys_platform in \"linux\""}
six = "*"

[[package]]
name = "pyobjc-core"
version = "6.1"
description = "Python<->ObjC Interoperability Module"
category = "main"
optional = false
python-versions = ">=3.6"

[[package]]
name = "pyobjc-framework-cocoa"
version = "6.1"
description = "Wrappers for the Cocoa frameworks on macOS"
category = "main"
optional = false
python-versions = ">=3.6"

[package.dependencies]
pyobjc-core = ">=6.1"

[[package]]
name = "pyobjc-framework-quartz"
version = "6.1"
description = "Wrappers for the Quartz frameworks on macOS"
category = "main"
optional = false
python-versions = ">=3.6"

[package.dependencies]
pyobjc-core = ">=6.1"
pyobjc-framework-Cocoa = ">=6.1"

[[package]]
name = "pyparsing"
version = "2.4.5"
description = "Python parsing module"
category = "main"
optional = false
python-versions = ">=2.6, !=3.0.*, !=3.1.*, !=3.2.*"

[[package]]
name = "pytest"
version = "6.2.2"
description = "pytest: simple powerful testing with Python"
category = "main"
optional = false
python-versions = ">=3.6"

[package.dependencies]
atomicwrites = {version = ">=1.0", markers = "sys_platform == \"win32\""}
attrs = ">=19.2.0"
colorama = {version = "*", markers = "sys_platform == \"win32\""}
importlib-metadata = {version = ">=0.12", markers = "python_version < \"3.8\""}
iniconfig = "*"
packaging = "*"
pluggy = ">=0.12,<1.0.0a1"
py = ">=1.8.2"
toml = "*"

[package.extras]
testing = ["argcomplete", "hypothesis (>=3.56)", "mock", "nose", "requests", "xmlschema"]

[[package]]
name = "pytest-httpserver"
version = "0.3.4"
description = "pytest-httpserver is a httpserver for pytest"
category = "main"
optional = false
python-versions = ">=3.4"

[package.dependencies]
werkzeug = "*"

[package.extras]
dev = ["coverage", "ipdb", "pycodestyle", "pylint", "pytest", "pytest-cov", "reno", "requests", "rope", "sphinx", "sphinx-rtd-theme", "wheel"]
test = ["coverage", "pytest", "pytest-cov", "requests"]

[[package]]
name = "python-xlib"
version = "0.25"
description = "Python X Library"
category = "main"
optional = false
python-versions = "*"

[package.dependencies]
six = ">=1.10.0"

[[package]]
name = "requests"
version = "2.24.0"
description = "Python HTTP for Humans."
category = "main"
optional = false
python-versions = ">=2.7, !=3.0.*, !=3.1.*, !=3.2.*, !=3.3.*, !=3.4.*"

[package.dependencies]
certifi = ">=2017.4.17"
chardet = ">=3.0.2,<4"
idna = ">=2.5,<3"
urllib3 = ">=1.21.1,<1.25.0 || >1.25.0,<1.25.1 || >1.25.1,<1.26"

[package.extras]
security = ["pyOpenSSL (>=0.14)", "cryptography (>=1.3.4)"]
socks = ["PySocks (>=1.5.6,!=1.5.7)", "win-inet-pton"]

[[package]]
name = "six"
version = "1.13.0"
description = "Python 2 and 3 compatibility utilities"
category = "main"
optional = false
python-versions = ">=2.6, !=3.0.*, !=3.1.*"

[[package]]
name = "toml"
version = "0.10.2"
description = "Python Library for Tom's Obvious, Minimal Language"
category = "main"
optional = false
python-versions = ">=2.6, !=3.0.*, !=3.1.*, !=3.2.*"

[[package]]
name = "urllib3"
version = "1.25.7"
description = "HTTP library with thread-safe connection pooling, file post, and more."
category = "main"
optional = false
python-versions = ">=2.7, !=3.0.*, !=3.1.*, !=3.2.*, !=3.3.*, <4"

[package.extras]
brotli = ["brotlipy (>=0.6.0)"]
secure = ["pyOpenSSL (>=0.14)", "cryptography (>=1.3.4)", "idna (>=2.0.0)", "certifi", "ipaddress"]
socks = ["PySocks (>=1.5.6,!=1.5.7,<2.0)"]

[[package]]
name = "werkzeug"
version = "0.16.0"
description = "The comprehensive WSGI web application library."
category = "main"
optional = false
python-versions = ">=2.7, !=3.0.*, !=3.1.*, !=3.2.*, !=3.3.*"

[package.extras]
dev = ["pytest", "coverage", "tox", "sphinx", "pallets-sphinx-themes", "sphinx-issues"]
termcolor = ["termcolor"]
watchdog = ["watchdog"]

[[package]]
name = "zipp"
version = "0.6.0"
description = "Backport of pathlib-compatible object wrapper for zip files"
category = "main"
optional = false
python-versions = ">=2.7"

[package.dependencies]
more-itertools = "*"

[package.extras]
docs = ["sphinx", "jaraco.packaging (>=3.2)", "rst.linker (>=1.9)"]
testing = ["pathlib2", "contextlib2", "unittest2"]

[metadata]
lock-version = "1.1"
python-versions = "^3.7"
content-hash = "e3dd9978ec2d3693e221175fde88b69df9536779fdc1b189fb6dafe62c5513d4"

[metadata.files]
atomicwrites = [
    {file = "atomicwrites-1.3.0-py2.py3-none-any.whl", hash = "sha256:03472c30eb2c5d1ba9227e4c2ca66ab8287fbfbbda3888aa93dc2e28fc6811b4"},
    {file = "atomicwrites-1.3.0.tar.gz", hash = "sha256:75a9445bac02d8d058d5e1fe689654ba5a6556a1dfd8ce6ec55a0ed79866cfa6"},
]
attrs = [
    {file = "attrs-19.3.0-py2.py3-none-any.whl", hash = "sha256:08a96c641c3a74e44eb59afb61a24f2cb9f4d7188748e76ba4bb5edfa3cb7d1c"},
    {file = "attrs-19.3.0.tar.gz", hash = "sha256:f7b7ce16570fe9965acd6d30101a28f62fb4a7f9e926b3bbc9b61f8b04247e72"},
]
certifi = [
    {file = "certifi-2019.9.11-py2.py3-none-any.whl", hash = "sha256:fd7c7c74727ddcf00e9acd26bba8da604ffec95bf1c2144e67aff7a8b50e6cef"},
    {file = "certifi-2019.9.11.tar.gz", hash = "sha256:e4f3620cfea4f83eedc95b24abd9cd56f3c4b146dd0177e83a21b4eb49e21e50"},
]
chardet = [
    {file = "chardet-3.0.4-py2.py3-none-any.whl", hash = "sha256:fc323ffcaeaed0e0a02bf4d117757b98aed530d9ed4531e3e15460124c106691"},
    {file = "chardet-3.0.4.tar.gz", hash = "sha256:84ab92ed1c4d4f16916e05906b6b75a6c0fb5db821cc65e70cbd64a3e2a5eaae"},
]
clickshot = [
    {file = "clickshot-0.4.0-py3-none-any.whl", hash = "sha256:f7e7adcbe3d1f609093a13bb9dba100faa5593573be26c2005e453bd3e559161"},
    {file = "clickshot-0.4.0.tar.gz", hash = "sha256:3e8d3b636fa6e3796704fe4ea265188ab5d040fbb563f209ad811f0c2c045802"},
]
colorama = [
    {file = "colorama-0.4.1-py2.py3-none-any.whl", hash = "sha256:f8ac84de7840f5b9c4e3347b3c1eaa50f7e49c2b07596221daec5edaabbd7c48"},
    {file = "colorama-0.4.1.tar.gz", hash = "sha256:05eed71e2e327246ad6b38c540c4a3117230b19679b875190486ddd2d721422d"},
]
flake8 = [
    {file = "flake8-3.8.3-py2.py3-none-any.whl", hash = "sha256:15e351d19611c887e482fb960eae4d44845013cc142d42896e9862f775d8cf5c"},
    {file = "flake8-3.8.3.tar.gz", hash = "sha256:f04b9fcbac03b0a3e58c0ab3a0ecc462e023a9faf046d57794184028123aa208"},
]
idna = [
    {file = "idna-2.8-py2.py3-none-any.whl", hash = "sha256:ea8b7f6188e6fa117537c3df7da9fc686d485087abf6ac197f9c46432f7e4a3c"},
    {file = "idna-2.8.tar.gz", hash = "sha256:c357b3f628cf53ae2c4c05627ecc484553142ca23264e593d327bcde5e9c3407"},
]
importlib-metadata = [
    {file = "importlib_metadata-0.23-py2.py3-none-any.whl", hash = "sha256:d5f18a79777f3aa179c145737780282e27b508fc8fd688cb17c7a813e8bd39af"},
    {file = "importlib_metadata-0.23.tar.gz", hash = "sha256:aa18d7378b00b40847790e7c27e11673d7fed219354109d0e7b9e5b25dc3ad26"},
]
iniconfig = [
    {file = "iniconfig-1.1.1-py2.py3-none-any.whl", hash = "sha256:011e24c64b7f47f6ebd835bb12a743f2fbe9a26d4cecaa7f53bc4f35ee9da8b3"},
    {file = "iniconfig-1.1.1.tar.gz", hash = "sha256:bc3af051d7d14b2ee5ef9969666def0cd1a000e121eaea580d4a313df4b37f32"},
]
mccabe = [
    {file = "mccabe-0.6.1-py2.py3-none-any.whl", hash = "sha256:ab8a6258860da4b6677da4bd2fe5dc2c659cff31b3ee4f7f5d64e79735b80d42"},
    {file = "mccabe-0.6.1.tar.gz", hash = "sha256:dd8d182285a0fe56bace7f45b5e7d1a6ebcbf524e8f3bd87eb0f125271b8831f"},
]
more-itertools = [
    {file = "more-itertools-7.2.0.tar.gz", hash = "sha256:409cd48d4db7052af495b09dec721011634af3753ae1ef92d2b32f73a745f832"},
    {file = "more_itertools-7.2.0-py3-none-any.whl", hash = "sha256:92b8c4b06dac4f0611c0729b2f2ede52b2e1bac1ab48f089c7ddc12e26bb60c4"},
]
mss = [
    {file = "mss-4.0.3-py2.py3-none-any.whl", hash = "sha256:c294480a0e7f84bd0c16d5a22edc8a670adbac1bd889e9463dee6c6ea4226f96"},
    {file = "mss-4.0.3.tar.gz", hash = "sha256:1c40be00bbe2c9d079cc51338afab21d3adf3ddfb88b91b13bc73bdc74a8d411"},
]
numpy = [
    {file = "numpy-1.17.4-cp35-cp35m-macosx_10_6_intel.whl", hash = "sha256:ede47b98de79565fcd7f2decb475e2dcc85ee4097743e551fe26cfc7eb3ff143"},
    {file = "numpy-1.17.4-cp35-cp35m-manylinux1_i686.whl", hash = "sha256:43bb4b70585f1c2d153e45323a886839f98af8bfa810f7014b20be714c37c447"},
    {file = "numpy-1.17.4-cp35-cp35m-manylinux1_x86_64.whl", hash = "sha256:c7354e8f0eca5c110b7e978034cd86ed98a7a5ffcf69ca97535445a595e07b8e"},
    {file = "numpy-1.17.4-cp35-cp35m-win32.whl", hash = "sha256:64874913367f18eb3013b16123c9fed113962e75d809fca5b78ebfbb73ed93ba"},
    {file = "numpy-1.17.4-cp35-cp35m-win_amd64.whl", hash = "sha256:6ca4000c4a6f95a78c33c7dadbb9495c10880be9c89316aa536eac359ab820ae"},
    {file = "numpy-1.17.4-cp36-cp36m-macosx_10_9_x86_64.whl", hash = "sha256:75fd817b7061f6378e4659dd792c84c0b60533e867f83e0d1e52d5d8e53df88c"},
    {file = "numpy-1.17.4-cp36-cp36m-manylinux1_i686.whl", hash = "sha256:7d81d784bdbed30137aca242ab307f3e65c8d93f4c7b7d8f322110b2e90177f9"},
    {file = "numpy-1.17.4-cp36-cp36m-manylinux1_x86_64.whl", hash = "sha256:fe39f5fd4103ec4ca3cb8600b19216cd1ff316b4990f4c0b6057ad982c0a34d5"},
    {file = "numpy-1.17.4-cp36-cp36m-win32.whl", hash = "sha256:e467c57121fe1b78a8f68dd9255fbb3bb3f4f7547c6b9e109f31d14569f490c3"},
    {file = "numpy-1.17.4-cp36-cp36m-win_amd64.whl", hash = "sha256:8d0af8d3664f142414fd5b15cabfd3b6cc3ef242a3c7a7493257025be5a6955f"},
    {file = "numpy-1.17.4-cp37-cp37m-macosx_10_9_x86_64.whl", hash = "sha256:9679831005fb16c6df3dd35d17aa31dc0d4d7573d84f0b44cc481490a65c7725"},
    {file = "numpy-1.17.4-cp37-cp37m-manylinux1_i686.whl", hash = "sha256:acbf5c52db4adb366c064d0b7c7899e3e778d89db585feadd23b06b587d64761"},
    {file = "numpy-1.17.4-cp37-cp37m-manylinux1_x86_64.whl", hash = "sha256:3d52298d0be333583739f1aec9026f3b09fdfe3ddf7c7028cb16d9d2af1cca7e"},
    {file = "numpy-1.17.4-cp37-cp37m-win32.whl", hash = "sha256:475963c5b9e116c38ad7347e154e5651d05a2286d86455671f5b1eebba5feb76"},
    {file = "numpy-1.17.4-cp37-cp37m-win_amd64.whl", hash = "sha256:0c0763787133dfeec19904c22c7e358b231c87ba3206b211652f8cbe1241deb6"},
    {file = "numpy-1.17.4-cp38-cp38-macosx_10_9_x86_64.whl", hash = "sha256:683828e50c339fc9e68720396f2de14253992c495fdddef77a1e17de55f1decc"},
    {file = "numpy-1.17.4-cp38-cp38-manylinux1_i686.whl", hash = "sha256:e2e9d8c87120ba2c591f60e32736b82b67f72c37ba88a4c23c81b5b8fa49c018"},
    {file = "numpy-1.17.4-cp38-cp38-manylinux1_x86_64.whl", hash = "sha256:a8f67ebfae9f575d85fa859b54d3bdecaeece74e3274b0b5c5f804d7ca789fe1"},
    {file = "numpy-1.17.4-cp38-cp38-win32.whl", hash = "sha256:0a7a1dd123aecc9f0076934288ceed7fd9a81ba3919f11a855a7887cbe82a02f"},
    {file = "numpy-1.17.4-cp38-cp38-win_amd64.whl", hash = "sha256:ada4805ed51f5bcaa3a06d3dd94939351869c095e30a2b54264f5a5004b52170"},
    {file = "numpy-1.17.4.zip", hash = "sha256:f58913e9227400f1395c7b800503ebfdb0772f1c33ff8cb4d6451c06cabdf316"},
]
opencv-python = [
    {file = "opencv_python-4.1.2.30-cp27-cp27m-macosx_10_9_x86_64.whl", hash = "sha256:1a2d1801c038f055852bd2379186ca8b19b4ea24afb0b8410293bc802211579b"},
    {file = "opencv_python-4.1.2.30-cp27-cp27m-manylinux1_i686.whl", hash = "sha256:e793df2e12093b3a01006b5b27f321e306193c7a5c9e2a6c8bf652e1ad2d6a86"},
    {file = "opencv_python-4.1.2.30-cp27-cp27m-manylinux1_x86_64.whl", hash = "sha256:ce7b1f25be04b04f2e678b2bf23a975137f77406dcee66a88a2daeb77cda3e76"},
    {file = "opencv_python-4.1.2.30-cp27-cp27m-win32.whl", hash = "sha256:6c32d36f52a6e0c02d1ab0bb95223cb4dd5525a7e8292a747116126b3d34c578"},
    {file = "opencv_python-4.1.2.30-cp27-cp27m-win_amd64.whl", hash = "sha256:22c2ee5f97f85903bfb28c056566b2ecaa1d2f804b880ab39ebf94528a402992"},
    {file = "opencv_python-4.1.2.30-cp27-cp27mu-manylinux1_i686.whl", hash = "sha256:04bec0a6d3a00360a7fb769b755ff4489a4ac8291821b785151f63e6d8bb59ea"},
    {file = "opencv_python-4.1.2.30-cp27-cp27mu-manylinux1_x86_64.whl", hash = "sha256:25127990671dc8bd27ae8b880d7a39f9aae863052a8fbebe8977c6ce8e5fc0c9"},
    {file = "opencv_python-4.1.2.30-cp35-cp35m-manylinux1_i686.whl", hash = "sha256:73a467a78ffd902d2c0265ab6b2e2cdda423d61b3d08685e0c7d0b4572142ff1"},
    {file = "opencv_python-4.1.2.30-cp35-cp35m-manylinux1_x86_64.whl", hash = "sha256:76de8a247970d150b1672c6646cda91217d562682e713721fc9b9bf1434553c4"},
    {file = "opencv_python-4.1.2.30-cp35-cp35m-win32.whl", hash = "sha256:e6fc00ac42c800fad5fb3927cfb9bf4e60bb3302cb9805f45b826d5d2546119a"},
    {file = "opencv_python-4.1.2.30-cp35-cp35m-win_amd64.whl", hash = "sha256:3cef82b6a1f748d2f4527f5932a86d54ebd10bd89f6cf59b003c36b1015055f7"},
    {file = "opencv_python-4.1.2.30-cp36-cp36m-macosx_10_9_x86_64.whl", hash = "sha256:5f2cf5a0ab244a0a1dbe5ec426c277b55e06ac6a472ad61be77ef643a238cbd3"},
    {file = "opencv_python-4.1.2.30-cp36-cp36m-manylinux1_i686.whl", hash = "sha256:982d4e80c14356098cde57a6c7d18fe0928a1c3118675bac2252ef38f152e1ab"},
    {file = "opencv_python-4.1.2.30-cp36-cp36m-manylinux1_x86_64.whl", hash = "sha256:919d5c3ec1a62258ba8c68b869b1056186e2355c4474739b199c295547e66cc1"},
    {file = "opencv_python-4.1.2.30-cp36-cp36m-win32.whl", hash = "sha256:499a0413e7110a934ab56e635252a4c86f8be64de59f94a62318a7b895dc809e"},
    {file = "opencv_python-4.1.2.30-cp36-cp36m-win_amd64.whl", hash = "sha256:1c7d235faef511aca7669f1aa650897b6c058dfde6412ea3fc58feb0fce78814"},
    {file = "opencv_python-4.1.2.30-cp37-cp37m-macosx_10_9_x86_64.whl", hash = "sha256:c8119248457e909dcd7b598621ed1d139419d69377e8cb4e2b2c49c819de287d"},
    {file = "opencv_python-4.1.2.30-cp37-cp37m-manylinux1_i686.whl", hash = "sha256:9d025e6bf2989bcbc7744c26d8bd90c2629a92d8de3ba2416f62ce2a94615dd9"},
    {file = "opencv_python-4.1.2.30-cp37-cp37m-manylinux1_x86_64.whl", hash = "sha256:eae543b3e9253ff702103333aabd87736b5ed5e46ab834d8e0b929f08f494dee"},
    {file = "opencv_python-4.1.2.30-cp37-cp37m-win32.whl", hash = "sha256:e2ffa3161b8662112f1880734e8b9549d0c9e818e59f652a9d1c5bf31e36586a"},
    {file = "opencv_python-4.1.2.30-cp37-cp37m-win_amd64.whl", hash = "sha256:6183c9c7fab4590e0651bc941cde780988c3ad9889bd62de19d581a6f59523ea"},
    {file = "opencv_python-4.1.2.30-cp38-cp38-macosx_10_9_x86_64.whl", hash = "sha256:bb59f98205cd81e29f45eed043cf0f98531486dc0b3f671c9e06fecf08f7ccef"},
    {file = "opencv_python-4.1.2.30-cp38-cp38-manylinux1_i686.whl", hash = "sha256:d64428bf59ab4d27620b00a2ad6fea2b4d62016a17849c82a7517ec12db97d55"},
    {file = "opencv_python-4.1.2.30-cp38-cp38-manylinux1_x86_64.whl", hash = "sha256:5fec35916a6b9ce935f2e2806084303fd4e3fbb0c973a8db8f54b5aca54613cb"},
    {file = "opencv_python-4.1.2.30-cp38-cp38-win32.whl", hash = "sha256:67a236db8db84d7fb0f6e127f360ce6669350ef324839132e22879ec90588dab"},
    {file = "opencv_python-4.1.2.30-cp38-cp38-win_amd64.whl", hash = "sha256:f0af656402b73ead2d9f593c2774c04b01e2d0c63e4f99e0dc2f3fde99be22b4"},
]
packaging = [
    {file = "packaging-19.2-py2.py3-none-any.whl", hash = "sha256:d9551545c6d761f3def1677baf08ab2a3ca17c56879e70fecba2fc4dde4ed108"},
    {file = "packaging-19.2.tar.gz", hash = "sha256:28b924174df7a2fa32c1953825ff29c61e2f5e082343165438812f00d3a7fc47"},
]
pluggy = [
    {file = "pluggy-0.13.1-py2.py3-none-any.whl", hash = "sha256:966c145cd83c96502c3c3868f50408687b38434af77734af1e9ca461a4081d2d"},
    {file = "pluggy-0.13.1.tar.gz", hash = "sha256:15b2acde666561e1298d71b523007ed7364de07029219b604cf808bfa1c765b0"},
]
py = [
    {file = "py-1.10.0-py2.py3-none-any.whl", hash = "sha256:3b80836aa6d1feeaa108e046da6423ab8f6ceda6468545ae8d02d9d58d18818a"},
    {file = "py-1.10.0.tar.gz", hash = "sha256:21b81bda15b66ef5e1a777a21c4dcd9c20ad3efd0b3f817e7a809035269e1bd3"},
]
pycodestyle = [
    {file = "pycodestyle-2.6.0-py2.py3-none-any.whl", hash = "sha256:2295e7b2f6b5bd100585ebcb1f616591b652db8a741695b3d8f5d28bdc934367"},
    {file = "pycodestyle-2.6.0.tar.gz", hash = "sha256:c58a7d2815e0e8d7972bf1803331fb0152f867bd89adf8a01dfd55085434192e"},
]
pyflakes = [
    {file = "pyflakes-2.2.0-py2.py3-none-any.whl", hash = "sha256:0d94e0e05a19e57a99444b6ddcf9a6eb2e5c68d3ca1e98e90707af8152c90a92"},
    {file = "pyflakes-2.2.0.tar.gz", hash = "sha256:35b2d75ee967ea93b55750aa9edbbf72813e06a66ba54438df2cfac9e3c27fc8"},
]
pyhamcrest = [
    {file = "PyHamcrest-2.0.2-py3-none-any.whl", hash = "sha256:7ead136e03655af85069b6f47b23eb7c3e5c221aa9f022a4fbb499f5b7308f29"},
    {file = "PyHamcrest-2.0.2.tar.gz", hash = "sha256:412e00137858f04bde0729913874a48485665f2d36fe9ee449f26be864af9316"},
]
pynput = [
    {file = "pynput-1.4.5-py2.py3-none-any.whl", hash = "sha256:7c91f76abd13f24fd6ce3bdce6e6a6c33e19ce368c0ba9e77a0ec1e9d2b1bee2"},
    {file = "pynput-1.4.5-py3.7.egg", hash = "sha256:023b262bae9afca2a1f97a6ae16ecc9e1bd51307484870d6370ec6531be7f46e"},
    {file = "pynput-1.4.5.tar.gz", hash = "sha256:562468f5da7988b2d5114b1a1154239ce7ca492da55c620c82a5962fc060efd8"},
]
pyobjc-core = [
    {file = "pyobjc-core-6.1.tar.gz", hash = "sha256:1a0fbf012fb575e0adf8c18cfd4453e657cc2c0deb2660c529bf524ba4c9149a"},
    {file = "pyobjc_core-6.1-cp36-cp36m-macosx_10_9_x86_64.whl", hash = "sha256:470ccd754efb468a59426942673dfc3c5c59f33a5b8cae8a7fc1be975c2d4128"},
    {file = "pyobjc_core-6.1-cp37-cp37m-macosx_10_9_x86_64.whl", hash = "sha256:751cdeb436cb181af2e2413015b072075590577c410c7f345080a38dd028b8ec"},
    {file = "pyobjc_core-6.1-cp38-cp38-macosx_10_9_x86_64.whl", hash = "sha256:8ccf44511cbe438fa6562c423c0c5f1dad7cfc0eadd6d8f112840f8845b44fda"},
]
pyobjc-framework-cocoa = [
    {file = "pyobjc-framework-Cocoa-6.1.tar.gz", hash = "sha256:c4077d2e6f96e4f3fd9780d66778cf51d27f414822498b24410e9df7a6a4d531"},
    {file = "pyobjc_framework_Cocoa-6.1-cp36-cp36m-macosx_10_9_x86_64.whl", hash = "sha256:32ba4d0ce811e2088bf0fc360c9545c06586934e895f7133655b8f2182e7019a"},
    {file = "pyobjc_framework_Cocoa-6.1-cp37-cp37m-macosx_10_9_x86_64.whl", hash = "sha256:245e19156739f8068db474ad9561079cc698f08ef525e299b8eedc5531e02801"},
    {file = "pyobjc_framework_Cocoa-6.1-cp38-cp38-macosx_10_9_x86_64.whl", hash = "sha256:1dc428f867d35007ddf9de5b24eff5bfdf65c58b1d610abcb08bebd94c343312"},
]
pyobjc-framework-quartz = [
    {file = "pyobjc-framework-Quartz-6.1.tar.gz", hash = "sha256:dc96a7c8b22264579f5438e2f9fc6c7f905412c5b297a750acce00f50aa87ca5"},
    {file = "pyobjc_framework_Quartz-6.1-cp36-cp36m-macosx_10_9_x86_64.whl", hash = "sha256:089676c603527350dcff9701c22335335e3f3112b471996cdc57939b9c542932"},
    {file = "pyobjc_framework_Quartz-6.1-cp37-cp37m-macosx_10_9_x86_64.whl", hash = "sha256:033d1f207d7f59fabe98fff71f472bd9b9286a2cfecbc9e732006df4bdbed417"},
    {file = "pyobjc_framework_Quartz-6.1-cp38-cp38-macosx_10_9_x86_64.whl", hash = "sha256:f9f251d0572a0b8b643c990dcbed2b55127cebaf8102487189cbffaedb2bd696"},
]
pyparsing = [
    {file = "pyparsing-2.4.5-py2.py3-none-any.whl", hash = "sha256:20f995ecd72f2a1f4bf6b072b63b22e2eb457836601e76d6e5dfcd75436acc1f"},
    {file = "pyparsing-2.4.5.tar.gz", hash = "sha256:4ca62001be367f01bd3e92ecbb79070272a9d4964dce6a48a82ff0b8bc7e683a"},
]
pytest = [
    {file = "pytest-6.2.2-py3-none-any.whl", hash = "sha256:b574b57423e818210672e07ca1fa90aaf194a4f63f3ab909a2c67ebb22913839"},
    {file = "pytest-6.2.2.tar.gz", hash = "sha256:9d1edf9e7d0b84d72ea3dbcdfd22b35fb543a5e8f2a60092dd578936bf63d7f9"},
]
pytest-httpserver = [
    {file = "pytest_httpserver-0.3.4-py3-none-any.whl", hash = "sha256:7feab352b2626d1a0ecdebffcac5e5875979f08ad7e621b2289980ce8f6ebc5b"},
    {file = "pytest_httpserver-0.3.4.tar.gz", hash = "sha256:c7269aed8b4f2d24e41eaa2034dd9ab7ae02b0cb6e71afeae93127832920ec8d"},
]
python-xlib = [
    {file = "python-xlib-0.25.tar.bz2", hash = "sha256:204f280b549352af6cbdaff43405186822ae05749518dd9be209bd88a0088f99"},
    {file = "python_xlib-0.25-py2.py3-none-any.whl", hash = "sha256:cdc806892f28fcd2c52e22a646c2ae3af3f0539cbbacfe7b344231d75eb96095"},
]
requests = [
    {file = "requests-2.24.0-py2.py3-none-any.whl", hash = "sha256:fe75cc94a9443b9246fc7049224f75604b113c36acb93f87b80ed42c44cbb898"},
    {file = "requests-2.24.0.tar.gz", hash = "sha256:b3559a131db72c33ee969480840fff4bb6dd111de7dd27c8ee1f820f4f00231b"},
]
six = [
    {file = "six-1.13.0-py2.py3-none-any.whl", hash = "sha256:1f1b7d42e254082a9db6279deae68afb421ceba6158efa6131de7b3003ee93fd"},
    {file = "six-1.13.0.tar.gz", hash = "sha256:30f610279e8b2578cab6db20741130331735c781b56053c59c4076da27f06b66"},
]
toml = [
    {file = "toml-0.10.2-py2.py3-none-any.whl", hash = "sha256:806143ae5bfb6a3c6e736a764057db0e6a0e05e338b5630894a5f779cabb4f9b"},
    {file = "toml-0.10.2.tar.gz", hash = "sha256:b3bda1d108d5dd99f4a20d24d9c348e91c4db7ab1b749200bded2f839ccbe68f"},
]
urllib3 = [
    {file = "urllib3-1.25.7-py2.py3-none-any.whl", hash = "sha256:a8a318824cc77d1fd4b2bec2ded92646630d7fe8619497b142c84a9e6f5a7293"},
    {file = "urllib3-1.25.7.tar.gz", hash = "sha256:f3c5fd51747d450d4dcf6f923c81f78f811aab8205fda64b0aba34a4e48b0745"},
]
werkzeug = [
    {file = "Werkzeug-0.16.0-py2.py3-none-any.whl", hash = "sha256:e5f4a1f98b52b18a93da705a7458e55afb26f32bff83ff5d19189f92462d65c4"},
    {file = "Werkzeug-0.16.0.tar.gz", hash = "sha256:7280924747b5733b246fe23972186c6b348f9ae29724135a6dfc1e53cea433e7"},
]
zipp = [
    {file = "zipp-0.6.0-py2.py3-none-any.whl", hash = "sha256:f06903e9f1f43b12d371004b4ac7b06ab39a44adc747266928ae6debfa7b3335"},
    {file = "zipp-0.6.0.tar.gz", hash = "sha256:3718b1cbcd963c7d4c5511a8240812904164b7f381b647143a89d3b98f9bcd8e"},
]
